
Microsoft Visual Studio Solution File, Format Version 12.00
Project("{FAE04EC0-301F-11D3-BF4B-00C04F79EFBC}") = "Miniprojekt", "Miniprojekt\Miniprojekt.csproj", "{315B8E68-C127-488F-B79C-F92D85E76327}"
EndProject
Global
	GlobalSection(SolutionConfigurationPlatforms) = preSolution
		Debug|Any CPU = Debug|Any CPU
		Release|Any CPU = Release|Any CPU
	EndGlobalSection
	GlobalSection(ProjectConfigurationPlatforms) = postSolution
		{315B8E68-C127-488F-B79C-F92D85E76327}.Debug|Any CPU.ActiveCfg = Debug|Any CPU
		{315B8E68-C127-488F-B79C-F92D85E76327}.Debug|Any CPU.Build.0 = Debug|Any CPU
		{315B8E68-C127-488F-B79C-F92D85E76327}.Release|Any CPU.ActiveCfg = Release|Any CPU
		{315B8E68-C127-488F-B79C-F92D85E76327}.Release|Any CPU.Build.0 = Release|Any CPU
	EndGlobalSection
EndGlobal
